// !$*UTF8*$!
{
	archiveVersion = 1;
	classes = {
	};
	objectVersion = 48;
	objects = {

/* Begin PBXBuildFile section */
		FA624A1D205D4DFC00E6D070 /* AppDelegate.swift in Sources */ = {isa = PBXBuildFile; fileRef = FA624A1C205D4DFC00E6D070 /* AppDelegate.swift */; };
		FA624A1F205D4DFC00E6D070 /* MainVC.swift in Sources */ = {isa = PBXBuildFile; fileRef = FA624A1E205D4DFC00E6D070 /* MainVC.swift */; };
		FA624A22205D4DFC00E6D070 /* Main.storyboard in Resources */ = {isa = PBXBuildFile; fileRef = FA624A20205D4DFC00E6D070 /* Main.storyboard */; };
		FA624A24205D4DFC00E6D070 /* Assets.xcassets in Resources */ = {isa = PBXBuildFile; fileRef = FA624A23205D4DFC00E6D070 /* Assets.xcassets */; };
		FA624A27205D4DFC00E6D070 /* LaunchScreen.storyboard in Resources */ = {isa = PBXBuildFile; fileRef = FA624A25205D4DFC00E6D070 /* LaunchScreen.storyboard */; };
		FA624A31205D4DFC00E6D070 /* customTextField.swift in Sources */ = {isa = PBXBuildFile; fileRef = FA624A30205D4DFC00E6D070 /* customTextField.swift */; };
		FA7958D0206251C3000EBF85 /* Wage.swift in Sources */ = {isa = PBXBuildFile; fileRef = FA7958CF206251C3000EBF85 /* Wage.swift */; };
		FA7958D8206252BA000EBF85 /* sample_shopperTests.swift in Sources */ = {isa = PBXBuildFile; fileRef = FA7958D7206252BA000EBF85 /* sample_shopperTests.swift */; };
		FA7958DF20625316000EBF85 /* Wage.swift in Sources */ = {isa = PBXBuildFile; fileRef = FA7958CF206251C3000EBF85 /* Wage.swift */; };
/* End PBXBuildFile section */

/* Begin PBXContainerItemProxy section */
		FA7958DA206252BA000EBF85 /* PBXContainerItemProxy */ = {
			isa = PBXContainerItemProxy;
			containerPortal = FA624A11205D4DFB00E6D070 /* Project object */;
			proxyType = 1;
			remoteGlobalIDString = FA624A18205D4DFC00E6D070;
			remoteInfo = "sample-shopper";
		};
/* End PBXContainerItemProxy section */

/* Begin PBXFileReference section */
		FA624A19205D4DFC00E6D070 /* sample-shopper.app */ = {isa = PBXFileReference; explicitFileType = wrapper.application; includeInIndex = 0; path = "sample-shopper.app"; sourceTree = BUILT_PRODUCTS_DIR; };
		FA624A1C205D4DFC00E6D070 /* AppDelegate.swift */ = {isa = PBXFileReference; lastKnownFileType = sourcecode.swift; path = AppDelegate.swift; sourceTree = "<group>"; };
		FA624A1E205D4DFC00E6D070 /* MainVC.swift */ = {isa = PBXFileReference; lastKnownFileType = sourcecode.swift; path = MainVC.swift; sourceTree = "<group>"; };
		FA624A21205D4DFC00E6D070 /* Base */ = {isa = PBXFileReference; lastKnownFileType = file.storyboard; name = Base; path = Base.lproj/Main.storyboard; sourceTree = "<group>"; };
		FA624A23205D4DFC00E6D070 /* Assets.xcassets */ = {isa = PBXFileReference; lastKnownFileType = folder.assetcatalog; path = Assets.xcassets; sourceTree = "<group>"; };
		FA624A26205D4DFC00E6D070 /* Base */ = {isa = PBXFileReference; lastKnownFileType = file.storyboard; name = Base; path = Base.lproj/LaunchScreen.storyboard; sourceTree = "<group>"; };
		FA624A28205D4DFC00E6D070 /* Info.plist */ = {isa = PBXFileReference; lastKnownFileType = text.plist.xml; path = Info.plist; sourceTree = "<group>"; };
		FA624A30205D4DFC00E6D070 /* customTextField.swift */ = {isa = PBXFileReference; lastKnownFileType = sourcecode.swift; path = customTextField.swift; sourceTree = "<group>"; };
		FA7958CF206251C3000EBF85 /* Wage.swift */ = {isa = PBXFileReference; lastKnownFileType = sourcecode.swift; path = Wage.swift; sourceTree = "<group>"; };
		FA7958D5206252B9000EBF85 /* sample-shopperTests.xctest */ = {isa = PBXFileReference; explicitFileType = wrapper.cfbundle; includeInIndex = 0; path = "sample-shopperTests.xctest"; sourceTree = BUILT_PRODUCTS_DIR; };
		FA7958D7206252BA000EBF85 /* sample_shopperTests.swift */ = {isa = PBXFileReference; lastKnownFileType = sourcecode.swift; path = sample_shopperTests.swift; sourceTree = "<group>"; };
		FA7958D9206252BA000EBF85 /* Info.plist */ = {isa = PBXFileReference; lastKnownFileType = text.plist.xml; path = Info.plist; sourceTree = "<group>"; };
/* End PBXFileReference section */

/* Begin PBXFrameworksBuildPhase section */
		FA624A16205D4DFC00E6D070 /* Frameworks */ = {
			isa = PBXFrameworksBuildPhase;
			buildActionMask = 2147483647;
			files = (
			);
			runOnlyForDeploymentPostprocessing = 0;
		};
		FA7958D2206252B9000EBF85 /* Frameworks */ = {
			isa = PBXFrameworksBuildPhase;
			buildActionMask = 2147483647;
			files = (
			);
			runOnlyForDeploymentPostprocessing = 0;
		};
/* End PBXFrameworksBuildPhase section */

/* Begin PBXGroup section */
		FA624A10205D4DFB00E6D070 = {
			isa = PBXGroup;
			children = (
				FA624A1B205D4DFC00E6D070 /* sample-shopper */,
				FA7958D6206252BA000EBF85 /* sample-shopperTests */,
				FA624A1A205D4DFC00E6D070 /* Products */,
			);
			sourceTree = "<group>";
		};
		FA624A1A205D4DFC00E6D070 /* Products */ = {
			isa = PBXGroup;
			children = (
				FA624A19205D4DFC00E6D070 /* sample-shopper.app */,
				FA7958D5206252B9000EBF85 /* sample-shopperTests.xctest */,
			);
			name = Products;
			sourceTree = "<group>";
		};
		FA624A1B205D4DFC00E6D070 /* sample-shopper */ = {
			isa = PBXGroup;
			children = (
				FA7958CE206251A5000EBF85 /* model */,
				FA624A2F205D4DFC00E6D070 /* view */,
				FA624A2E205D4DFC00E6D070 /* controller */,
				FA624A1C205D4DFC00E6D070 /* AppDelegate.swift */,
				FA624A20205D4DFC00E6D070 /* Main.storyboard */,
				FA624A23205D4DFC00E6D070 /* Assets.xcassets */,
				FA624A25205D4DFC00E6D070 /* LaunchScreen.storyboard */,
				FA624A28205D4DFC00E6D070 /* Info.plist */,
			);
			path = "sample-shopper";
			sourceTree = "<group>";
		};
		FA624A2E205D4DFC00E6D070 /* controller */ = {
			isa = PBXGroup;
			children = (
				FA624A1E205D4DFC00E6D070 /* MainVC.swift */,
			);
			path = controller;
			sourceTree = "<group>";
		};
		FA624A2F205D4DFC00E6D070 /* view */ = {
			isa = PBXGroup;
			children = (
				FA624A30205D4DFC00E6D070 /* customTextField.swift */,
			);
			path = view;
			sourceTree = "<group>";
		};
		FA7958CE206251A5000EBF85 /* model */ = {
			isa = PBXGroup;
			children = (
				FA7958CF206251C3000EBF85 /* Wage.swift */,
			);
			path = model;
			sourceTree = "<group>";
		};
		FA7958D6206252BA000EBF85 /* sample-shopperTests */ = {
			isa = PBXGroup;
			children = (
				FA7958D7206252BA000EBF85 /* sample_shopperTests.swift */,
				FA7958D9206252BA000EBF85 /* Info.plist */,
			);
			path = "sample-shopperTests";
			sourceTree = "<group>";
		};
/* End PBXGroup section */

/* Begin PBXNativeTarget section */
		FA624A18205D4DFC00E6D070 /* sample-shopper */ = {
			isa = PBXNativeTarget;
			buildConfigurationList = FA624A2B205D4DFC00E6D070 /* Build configuration list for PBXNativeTarget "sample-shopper" */;
			buildPhases = (
				FA624A15205D4DFC00E6D070 /* Sources */,
				FA624A16205D4DFC00E6D070 /* Frameworks */,
				FA624A17205D4DFC00E6D070 /* Resources */,
			);
			buildRules = (
			);
			dependencies = (
			);
			name = "sample-shopper";
			productName = "sample-shopper";
			productReference = FA624A19205D4DFC00E6D070 /* sample-shopper.app */;
			productType = "com.apple.product-type.application";
		};
		FA7958D4206252B9000EBF85 /* sample-shopperTests */ = {
			isa = PBXNativeTarget;
			buildConfigurationList = FA7958DC206252BA000EBF85 /* Build configuration list for PBXNativeTarget "sample-shopperTests" */;
			buildPhases = (
				FA7958D1206252B9000EBF85 /* Sources */,
				FA7958D2206252B9000EBF85 /* Frameworks */,
				FA7958D3206252B9000EBF85 /* Resources */,
			);
			buildRules = (
			);
			dependencies = (
				FA7958DB206252BA000EBF85 /* PBXTargetDependency */,
			);
			name = "sample-shopperTests";
			productName = "sample-shopperTests";
			productReference = FA7958D5206252B9000EBF85 /* sample-shopperTests.xctest */;
			productType = "com.apple.product-type.bundle.unit-test";
		};
/* End PBXNativeTarget section */

/* Begin PBXProject section */
		FA624A11205D4DFB00E6D070 /* Project object */ = {
			isa = PBXProject;
			attributes = {
				LastSwiftUpdateCheck = 0920;
				LastUpgradeCheck = 0920;
				ORGANIZATIONNAME = Binogoo;
				TargetAttributes = {
					FA624A18205D4DFC00E6D070 = {
						CreatedOnToolsVersion = 9.2;
						ProvisioningStyle = Automatic;
					};
					FA7958D4206252B9000EBF85 = {
						CreatedOnToolsVersion = 9.2;
						ProvisioningStyle = Automatic;
						TestTargetID = FA624A18205D4DFC00E6D070;
					};
				};
			};
			buildConfigurationList = FA624A14205D4DFB00E6D070 /* Build configuration list for PBXProject "sample-shopper" */;
			compatibilityVersion = "Xcode 8.0";
			developmentRegion = en;
			hasScannedForEncodings = 0;
			knownRegions = (
				en,
				Base,
			);
			mainGroup = FA624A10205D4DFB00E6D070;
			productRefGroup = FA624A1A205D4DFC00E6D070 /* Products */;
			projectDirPath = "";
			projectRoot = "";
			targets = (
				FA624A18205D4DFC00E6D070 /* sample-shopper */,
				FA7958D4206252B9000EBF85 /* sample-shopperTests */,
			);
		};
/* End PBXProject section */

/* Begin PBXResourcesBuildPhase section */
		FA624A17205D4DFC00E6D070 /* Resources */ = {
			isa = PBXResourcesBuildPhase;
			buildActionMask = 2147483647;
			files = (
				FA624A27205D4DFC00E6D070 /* LaunchScreen.storyboard in Resources */,
				FA624A24205D4DFC00E6D070 /* Assets.xcassets in Resources */,
				FA624A22205D4DFC00E6D070 /* Main.storyboard in Resources */,
			);
			runOnlyForDeploymentPostprocessing = 0;
		};
		FA7958D3206252B9000EBF85 /* Resources */ = {
			isa = PBXResourcesBuildPhase;
			buildActionMask = 2147483647;
			files = (
			);
			runOnlyForDeploymentPostprocessing = 0;
		};
/* End PBXResourcesBuildPhase section */

/* Begin PBXSourcesBuildPhase section */
		FA624A15205D4DFC00E6D070 /* Sources */ = {
			isa = PBXSourcesBuildPhase;
			buildActionMask = 2147483647;
			files = (
				FA624A1F205D4DFC00E6D070 /* MainVC.swift in Sources */,
				FA7958D0206251C3000EBF85 /* Wage.swift in Sources */,
				FA624A1D205D4DFC00E6D070 /* AppDelegate.swift in Sources */,
				FA624A31205D4DFC00E6D070 /* customTextField.swift in Sources */,
			);
			runOnlyForDeploymentPostprocessing = 0;
		};
		FA7958D1206252B9000EBF85 /* Sources */ = {
			isa = PBXSourcesBuildPhase;
			buildActionMask = 2147483647;
			files = (
				FA7958D8206252BA000EBF85 /* sample_shopperTests.swift in Sources */,
				FA7958DF20625316000EBF85 /* Wage.swift in Sources */,
			);
			runOnlyForDeploymentPostprocessing = 0;
		};
/* End PBXSourcesBuildPhase section */

/* Begin PBXTargetDependency section */
		FA7958DB206252BA000EBF85 /* PBXTargetDependency */ = {
			isa = PBXTargetDependency;
			target = FA624A18205D4DFC00E6D070 /* sample-shopper */;
			targetProxy = FA7958DA206252BA000EBF85 /* PBXContainerItemProxy */;
		};
/* End PBXTargetDependency section */

/* Begin PBXVariantGroup section */
		FA624A20205D4DFC00E6D070 /* Main.storyboard */ = {
			isa = PBXVariantGroup;
			children = (
				FA624A21205D4DFC00E6D070 /* Base */,
			);
			name = Main.storyboard;
			sourceTree = "<group>";
		};
		FA624A25205D4DFC00E6D070 /* LaunchScreen.storyboard */ = {
			isa = PBXVariantGroup;
			children = (
				FA624A26205D4DFC00E6D070 /* Base */,
			);
			name = LaunchScreen.storyboard;
			sourceTree = "<group>";
		};
/* End PBXVariantGroup section */

/* Begin XCBuildConfiguration section */
		FA624A29205D4DFC00E6D070 /* Debug */ = {
			isa = XCBuildConfiguration;
			buildSettings = {
				ALWAYS_SEARCH_USER_PATHS = NO;
				CLANG_ANALYZER_NONNULL = YES;
				CLANG_ANALYZER_NUMBER_OBJECT_CONVERSION = YES_AGGRESSIVE;
				CLANG_CXX_LANGUAGE_STANDARD = "gnu++14";
				CLANG_CXX_LIBRARY = "libc++";
				CLANG_ENABLE_MODULES = YES;
				CLANG_ENABLE_OBJC_ARC = YES;
				CLANG_WARN_BLOCK_CAPTURE_AUTORELEASING = YES;
				CLANG_WARN_BOOL_CONVERSION = YES;
				CLANG_WARN_COMMA = YES;
				CLANG_WARN_CONSTANT_CONVERSION = YES;
				CLANG_WARN_DIRECT_OBJC_ISA_USAGE = YES_ERROR;
				CLANG_WARN_DOCUMENTATION_COMMENTS = YES;
				CLANG_WARN_EMPTY_BODY = YES;
				CLANG_WARN_ENUM_CONVERSION = YES;
				CLANG_WARN_INFINITE_RECURSION = YES;
				CLANG_WARN_INT_CONVERSION = YES;
				CLANG_WARN_NON_LITERAL_NULL_CONVERSION = YES;
				CLANG_WARN_OBJC_LITERAL_CONVERSION = YES;
				CLANG_WARN_OBJC_ROOT_CLASS = YES_ERROR;
				CLANG_WARN_RANGE_LOOP_ANALYSIS = YES;
				CLANG_WARN_STRICT_PROTOTYPES = YES;
				CLANG_WARN_SUSPICIOUS_MOVE = YES;
				CLANG_WARN_UNGUARDED_AVAILABILITY = YES_AGGRESSIVE;
				CLANG_WARN_UNREACHABLE_CODE = YES;
				CLANG_WARN__DUPLICATE_METHOD_MATCH = YES;
				CODE_SIGN_IDENTITY = "iPhone Developer";
				COPY_PHASE_STRIP = NO;
				DEBUG_INFORMATION_FORMAT = dwarf;
				ENABLE_STRICT_OBJC_MSGSEND = YES;
				ENABLE_TESTABILITY = YES;
				GCC_C_LANGUAGE_STANDARD = gnu11;
				GCC_DYNAMIC_NO_PIC = NO;
				GCC_NO_COMMON_BLOCKS = YES;
				GCC_OPTIMIZATION_LEVEL = 0;
				GCC_PREPROCESSOR_DEFINITIONS = (
					"DEBUG=1",
					"$(inherited)",
				);
				GCC_WARN_64_TO_32_BIT_CONVERSION = YES;
				GCC_WARN_ABOUT_RETURN_TYPE = YES_ERROR;
				GCC_WARN_UNDECLARED_SELECTOR = YES;
				GCC_WARN_UNINITIALIZED_AUTOS = YES_AGGRESSIVE;
				GCC_WARN_UNUSED_FUNCTION = YES;
				GCC_WARN_UNUSED_VARIABLE = YES;
				IPHONEOS_DEPLOYMENT_TARGET = 11.2;
				MTL_ENABLE_DEBUG_INFO = YES;
				ONLY_ACTIVE_ARCH = YES;
				SDKROOT = iphoneos;
				SWIFT_ACTIVE_COMPILATION_CONDITIONS = DEBUG;
				SWIFT_OPTIMIZATION_LEVEL = "-Onone";
			};
			name = Debug;
		};
		FA624A2A205D4DFC00E6D070 /* Release */ = {
			isa = XCBuildConfiguration;
			buildSettings = {
				ALWAYS_SEARCH_USER_PATHS = NO;
				CLANG_ANALYZER_NONNULL = YES;
				CLANG_ANALYZER_NUMBER_OBJECT_CONVERSION = YES_AGGRESSIVE;
				CLANG_CXX_LANGUAGE_STANDARD = "gnu++14";
				CLANG_CXX_LIBRARY = "libc++";
				CLANG_ENABLE_MODULES = YES;
				CLANG_ENABLE_OBJC_ARC = YES;
				CLANG_WARN_BLOCK_CAPTURE_AUTORELEASING = YES;
				CLANG_WARN_BOOL_CONVERSION = YES;
				CLANG_WARN_COMMA = YES;
				CLANG_WARN_CONSTANT_CONVERSION = YES;
				CLANG_WARN_DIRECT_OBJC_ISA_USAGE = YES_ERROR;
				CLANG_WARN_DOCUMENTATION_COMMENTS = YES;
				CLANG_WARN_EMPTY_BODY = YES;
				CLANG_WARN_ENUM_CONVERSION = YES;
				CLANG_WARN_INFINITE_RECURSION = YES;
				CLANG_WARN_INT_CONVERSION = YES;
				CLANG_WARN_NON_LITERAL_NULL_CONVERSION = YES;
				CLANG_WARN_OBJC_LITERAL_CONVERSION = YES;
				CLANG_WARN_OBJC_ROOT_CLASS = YES_ERROR;
				CLANG_WARN_RANGE_LOOP_ANALYSIS = YES;
				CLANG_WARN_STRICT_PROTOTYPES = YES;
				CLANG_WARN_SUSPICIOUS_MOVE = YES;
				CLANG_WARN_UNGUARDED_AVAILABILITY = YES_AGGRESSIVE;
				CLANG_WARN_UNREACHABLE_CODE = YES;
				CLANG_WARN__DUPLICATE_METHOD_MATCH = YES;
				CODE_SIGN_IDENTITY = "iPhone Developer";
				COPY_PHASE_STRIP = NO;
				DEBUG_INFORMATION_FORMAT = "dwarf-with-dsym";
				ENABLE_NS_ASSERTIONS = NO;
				ENABLE_STRICT_OBJC_MSGSEND = YES;
				GCC_C_LANGUAGE_STANDARD = gnu11;
				GCC_NO_COMMON_BLOCKS = YES;
				GCC_WARN_64_TO_32_BIT_CONVERSION = YES;
				GCC_WARN_ABOUT_RETURN_TYPE = YES_ERROR;
				GCC_WARN_UNDECLARED_SELECTOR = YES;
				GCC_WARN_UNINITIALIZED_AUTOS = YES_AGGRESSIVE;
				GCC_WARN_UNUSED_FUNCTION = YES;
				GCC_WARN_UNUSED_VARIABLE = YES;
				IPHONEOS_DEPLOYMENT_TARGET = 11.2;
				MTL_ENABLE_DEBUG_INFO = NO;
				SDKROOT = iphoneos;
				SWIFT_OPTIMIZATION_LEVEL = "-Owholemodule";
				VALIDATE_PRODUCT = YES;
			};
			name = Release;
		};
		FA624A2C205D4DFC00E6D070 /* Debug */ = {
			isa = XCBuildConfiguration;
			buildSettings = {
				ASSETCATALOG_COMPILER_APPICON_NAME = AppIcon;
				CODE_SIGN_STYLE = Automatic;
				DEVELOPMENT_TEAM = 28673GY9Q8;
				INFOPLIST_FILE = "sample-shopper/Info.plist";
				LD_RUNPATH_SEARCH_PATHS = "$(inherited) @executable_path/Frameworks";
				PRODUCT_BUNDLE_IDENTIFIER = "com.binogoo.sample-shopper";
				PRODUCT_NAME = "$(TARGET_NAME)";
				SWIFT_VERSION = 4.0;
				TARGETED_DEVICE_FAMILY = "1,2";
			};
			name = Debug;
		};
		FA624A2D205D4DFC00E6D070 /* Release */ = {
			isa = XCBuildConfiguration;
			buildSettings = {
				ASSETCATALOG_COMPILER_APPICON_NAME = AppIcon;
				CODE_SIGN_STYLE = Automatic;
				DEVELOPMENT_TEAM = 28673GY9Q8;
				INFOPLIST_FILE = "sample-shopper/Info.plist";
				LD_RUNPATH_SEARCH_PATHS = "$(inherited) @executable_path/Frameworks";
				PRODUCT_BUNDLE_IDENTIFIER = "com.binogoo.sample-shopper";
				PRODUCT_NAME = "$(TARGET_NAME)";
				SWIFT_VERSION = 4.0;
				TARGETED_DEVICE_FAMILY = "1,2";
			};
			name = Release;
		};
		FA7958DD206252BA000EBF85 /* Debug */ = {
			isa = XCBuildConfiguration;
			buildSettings = {
				BUNDLE_LOADER = "$(TEST_HOST)";
				CODE_SIGN_STYLE = Automatic;
				DEVELOPMENT_TEAM = 28673GY9Q8;
				INFOPLIST_FILE = "sample-shopperTests/Info.plist";
				LD_RUNPATH_SEARCH_PATHS = "$(inherited) @executable_path/Frameworks @loader_path/Frameworks";
				PRODUCT_BUNDLE_IDENTIFIER = "com.binogoo.sample-shopperTests";
				PRODUCT_NAME = "$(TARGET_NAME)";
				SWIFT_VERSION = 4.0;
				TARGETED_DEVICE_FAMILY = "1,2";
				TEST_HOST = "$(BUILT_PRODUCTS_DIR)/sample-shopper.app/sample-shopper";
			};
			name = Debug;
		};
		FA7958DE206252BA000EBF85 /* Release */ = {
			isa = XCBuildConfiguration;
			buildSettings = {
				BUNDLE_LOADER = "$(TEST_HOST)";
				CODE_SIGN_STYLE = Automatic;
				DEVELOPMENT_TEAM = 28673GY9Q8;
				INFOPLIST_FILE = "sample-shopperTests/Info.plist";
				LD_RUNPATH_SEARCH_PATHS = "$(inherited) @executable_path/Frameworks @loader_path/Frameworks";
				PRODUCT_BUNDLE_IDENTIFIER = "com.binogoo.sample-shopperTests";
				PRODUCT_NAME = "$(TARGET_NAME)";
				SWIFT_VERSION = 4.0;
				TARGETED_DEVICE_FAMILY = "1,2";
				TEST_HOST = "$(BUILT_PRODUCTS_DIR)/sample-shopper.app/sample-shopper";
			};
			name = Release;
		};
/* End XCBuildConfiguration section */

/* Begin XCConfigurationList section */
		FA624A14205D4DFB00E6D070 /* Build configuration list for PBXProject "sample-shopper" */ = {
			isa = XCConfigurationList;
			buildConfigurations = (
				FA624A29205D4DFC00E6D070 /* Debug */,
				FA624A2A205D4DFC00E6D070 /* Release */,
			);
			defaultConfigurationIsVisible = 0;
			defaultConfigurationName = Release;
		};
		FA624A2B205D4DFC00E6D070 /* Build configuration list for PBXNativeTarget "sample-shopper" */ = {
			isa = XCConfigurationList;
			buildConfigurations = (
				FA624A2C205D4DFC00E6D070 /* Debug */,
				FA624A2D205D4DFC00E6D070 /* Release */,
			);
			defaultConfigurationIsVisible = 0;
			defaultConfigurationName = Release;
		};
		FA7958DC206252BA000EBF85 /* Build configuration list for PBXNativeTarget "sample-shopperTests" */ = {
			isa = XCConfigurationList;
			buildConfigurations = (
				FA7958DD206252BA000EBF85 /* Debug */,
				FA7958DE206252BA000EBF85 /* Release */,
			);
			defaultConfigurationIsVisible = 0;
			defaultConfigurationName = Release;
		};
/* End XCConfigurationList section */
	};
	rootObject = FA624A11205D4DFB00E6D070 /* Project object */;
}
